
Microsoft Visual Studio Solution File, Format Version 12.00
# Visual Studio Version 16
VisualStudioVersion = 16.0.31729.503
MinimumVisualStudioVersion = 10.0.40219.1
Project("{FAE04EC0-301F-11D3-BF4B-00C04F79EFBC}") = "WeatherApp", "WeatherApp\WeatherApp.csproj", "{20F6D4F0-CD4D-4B8E-8962-224DCA8CD5A4}"
EndProject
Global
	GlobalSection(SolutionConfigurationPlatforms) = preSolution
		Debug|Any CPU = Debug|Any CPU
		Release|Any CPU = Release|Any CPU
	EndGlobalSection
	GlobalSection(ProjectConfigurationPlatforms) = postSolution
		{20F6D4F0-CD4D-4B8E-8962-224DCA8CD5A4}.Debug|Any CPU.ActiveCfg = Debug|Any CPU
		{20F6D4F0-CD4D-4B8E-8962-224DCA8CD5A4}.Debug|Any CPU.Build.0 = Debug|Any CPU
		{20F6D4F0-CD4D-4B8E-8962-224DCA8CD5A4}.Debug|Any CPU.Deploy.0 = Debug|Any CPU
		{20F6D4F0-CD4D-4B8E-8962-224DCA8CD5A4}.Release|Any CPU.ActiveCfg = Release|Any CPU
		{20F6D4F0-CD4D-4B8E-8962-224DCA8CD5A4}.Release|Any CPU.Build.0 = Release|Any CPU
		{20F6D4F0-CD4D-4B8E-8962-224DCA8CD5A4}.Release|Any CPU.Deploy.0 = Release|Any CPU
	EndGlobalSection
	GlobalSection(SolutionProperties) = preSolution
		HideSolutionNode = FALSE
	EndGlobalSection
	GlobalSection(ExtensibilityGlobals) = postSolution
		SolutionGuid = {2C7F0E1F-6668-4AAD-BF63-7CA20DAEC0DA}
	EndGlobalSection
EndGlobal
